
Microsoft Visual Studio Solution File, Format Version 12.00
# Visual Studio Version 16
VisualStudioVersion = 16.0.31019.35
MinimumVisualStudioVersion = 10.0.40219.1
Project("{2150E333-8FDC-42A3-9474-1A3956D46DE8}") = "Expenses", "Expenses", "{39BCC868-9A61-4AC1-B5B0-56F1636C5AE7}"
EndProject
Project("{9A19103F-16F7-4668-BE54-9A1E7A4F7556}") = "Expenses.API", "Microservices\Expenses\Expenses.API\Expenses.API.csproj", "{37637A2D-EB1E-475C-BA3B-1BCD727B5D4C}"
EndProject
Project("{9A19103F-16F7-4668-BE54-9A1E7A4F7556}") = "Expenses.Data", "Microservices\Expenses\Expenses.Data\Expenses.Data.csproj", "{B3B14E01-F450-49BF-9BFD-52818E0CBD10}"
EndProject
Project("{9A19103F-16F7-4668-BE54-9A1E7A4F7556}") = "Expenses.Domain", "Microservices\Expenses\Expenses.Domain\Expenses.Domain.csproj", "{C1A97A73-0DD2-40F7-A8BC-1CB44D2F42B1}"
EndProject
Project("{9A19103F-16F7-4668-BE54-9A1E7A4F7556}") = "Expenses.Handler", "Microservices\Expenses\Expenses.Handler\Expenses.Handler.csproj", "{CE9EA3E1-C93A-4A01-81BF-7FB1CF0167F4}"
EndProject
Project("{9A19103F-16F7-4668-BE54-9A1E7A4F7556}") = "Expenses.Application", "Microservices\Expenses\Expenses.Application\Expenses.Application.csproj", "{B841D3E5-68B2-48AA-96BF-18757ED1FBC2}"
EndProject
Project("{2150E333-8FDC-42A3-9474-1A3956D46DE8}") = "Common", "Common", "{7900280F-9520-44D5-B441-98146CDBEBC9}"
EndProject
Project("{9A19103F-16F7-4668-BE54-9A1E7A4F7556}") = "FinanceControlinator.Common", "Common\FinanceControlinator.Common\FinanceControlinator.Common.csproj", "{6B55A110-AA4C-41C8-8952-C89BFA7D83C0}"
EndProject
Project("{2150E333-8FDC-42A3-9474-1A3956D46DE8}") = "Microservices", "Microservices", "{21961752-1C34-4E9C-B3A0-8FD12D4FC3C4}"
EndProject
Project("{9A19103F-16F7-4668-BE54-9A1E7A4F7556}") = "FinanceControlinator.Events", "Common\FinanceControlinator.Events\FinanceControlinator.Events.csproj", "{EE2297D4-3ECD-49F2-8C5B-FAB95E2FD450}"
EndProject
Project("{9A19103F-16F7-4668-BE54-9A1E7A4F7556}") = "Expenses.Tests", "Microservices\Expenses\Expenses.Tests\Expenses.Tests.csproj", "{0A134AF6-804D-4F8D-85C7-6D7470E0E7C4}"
EndProject
Project("{2150E333-8FDC-42A3-9474-1A3956D46DE8}") = "Invoices", "Invoices", "{868CB8C3-A56C-4A63-945E-E0FBFBF82671}"
EndProject
Project("{9A19103F-16F7-4668-BE54-9A1E7A4F7556}") = "Invoices.API", "Microservices\Invoices\Invoices.API\Invoices.API.csproj", "{56363D1E-E4F8-413A-BDE4-B6919AE44816}"
EndProject
Project("{9A19103F-16F7-4668-BE54-9A1E7A4F7556}") = "Invoices.Application", "Microservices\Invoices\Invoices.Application\Invoices.Application.csproj", "{FA68DFAE-C5BC-4E33-AB57-837FCC1BFC8F}"
EndProject
Project("{9A19103F-16F7-4668-BE54-9A1E7A4F7556}") = "Invoices.Data", "Microservices\Invoices\Invoices.Data\Invoices.Data.csproj", "{0951EADE-C139-4E76-BB88-E89C5DC92D1C}"
EndProject
Project("{9A19103F-16F7-4668-BE54-9A1E7A4F7556}") = "Invoices.Domain", "Microservices\Invoices\Invoices.Domain\Invoices.Domain.csproj", "{2ADF17FF-C088-438F-890D-6A9F66B6E3EF}"
EndProject
Project("{9A19103F-16F7-4668-BE54-9A1E7A4F7556}") = "Invoices.DTOs", "Microservices\Invoices\Invoices.DTOs\Invoices.DTOs.csproj", "{EA234322-BA1C-4A8D-B243-145D6D9BACB6}"
EndProject
Project("{9A19103F-16F7-4668-BE54-9A1E7A4F7556}") = "Invoices.Handler", "Microservices\Invoices\Invoices.Handler\Invoices.Handler.csproj", "{62BFD616-A7CE-4CF0-AB55-85F554D67329}"
EndProject
Project("{9A19103F-16F7-4668-BE54-9A1E7A4F7556}") = "Invoices.Tests", "Microservices\Invoices\Invoices.Tests\Invoices.Tests.csproj", "{5C12F7ED-ABF5-4475-9797-0E4A7E954948}"
EndProject
Project("{2150E333-8FDC-42A3-9474-1A3956D46DE8}") = "Payments", "Payments", "{E81A2E9D-CFED-4DB5-B690-B516867CEF02}"
EndProject
Project("{9A19103F-16F7-4668-BE54-9A1E7A4F7556}") = "Payments.API", "Microservices\Payments\Payments.API\Payments.API.csproj", "{0438ED0C-CA3D-412D-AA67-B94925A0A8EB}"
EndProject
Project("{9A19103F-16F7-4668-BE54-9A1E7A4F7556}") = "Payments.Application", "Microservices\Payments\Payments.Application\Payments.Application.csproj", "{DA18D54A-E72B-431D-A40C-72128462FF84}"
EndProject
Project("{9A19103F-16F7-4668-BE54-9A1E7A4F7556}") = "Payments.Data", "Microservices\Payments\Payments.Data\Payments.Data.csproj", "{7BF4344D-1FB2-47AB-8FE4-B9BE61DE9501}"
EndProject
Project("{9A19103F-16F7-4668-BE54-9A1E7A4F7556}") = "Payments.Domain", "Microservices\Payments\Payments.Domain\Payments.Domain.csproj", "{82D161C9-3266-428C-8C1D-BBA2F4FE93F3}"
EndProject
Project("{9A19103F-16F7-4668-BE54-9A1E7A4F7556}") = "Payments.DTOs", "Microservices\Payments\Payments.DTOs\Payments.DTOs.csproj", "{A1A47657-D646-4C83-9BF4-9204AED9A097}"
EndProject
Project("{9A19103F-16F7-4668-BE54-9A1E7A4F7556}") = "Payments.Handler", "Microservices\Payments\Payments.Handler\Payments.Handler.csproj", "{A7E6138D-432E-4577-908E-C30E4B224ACB}"
EndProject
Project("{9A19103F-16F7-4668-BE54-9A1E7A4F7556}") = "Payments.Tests", "Microservices\Payments\Payments.Tests\Payments.Tests.csproj", "{979C5CBF-A5DD-4BA8-8CD6-724F7A57FF73}"
EndProject
Project("{2150E333-8FDC-42A3-9474-1A3956D46DE8}") = "Accounts", "Accounts", "{7E3AEDE1-2DF1-42C6-8DB3-BD85F8C85F20}"
EndProject
Project("{9A19103F-16F7-4668-BE54-9A1E7A4F7556}") = "Accounts.API", "Microservices\Accounts\Accounts.API\Accounts.API.csproj", "{307CFE14-435E-40D7-ABE9-7C2EBF4BC8BF}"
EndProject
Project("{9A19103F-16F7-4668-BE54-9A1E7A4F7556}") = "Accounts.Application", "Microservices\Accounts\Accounts.Application\Accounts.Application.csproj", "{E993D1A2-7A5E-41BA-9D86-8183478C2538}"
EndProject
Project("{9A19103F-16F7-4668-BE54-9A1E7A4F7556}") = "Accounts.Data", "Microservices\Accounts\Accounts.Data\Accounts.Data.csproj", "{07A3CAF0-6F5A-467B-B5A9-A5799903DF84}"
EndProject
Project("{9A19103F-16F7-4668-BE54-9A1E7A4F7556}") = "Accounts.Domain", "Microservices\Accounts\Accounts.Domain\Accounts.Domain.csproj", "{E054F74E-D965-4C98-9C96-CD08537073D9}"
EndProject
Project("{9A19103F-16F7-4668-BE54-9A1E7A4F7556}") = "Accounts.DTOs", "Microservices\Accounts\Accounts.DTOs\Accounts.DTOs.csproj", "{4B38D347-01A1-44A1-808D-2EF85B418C61}"
EndProject
Project("{9A19103F-16F7-4668-BE54-9A1E7A4F7556}") = "Accounts.Handler", "Microservices\Accounts\Accounts.Handler\Accounts.Handler.csproj", "{4494DDF2-752F-4B60-A359-B1BBC893727B}"
EndProject
Project("{9A19103F-16F7-4668-BE54-9A1E7A4F7556}") = "Accounts.Tests", "Microservices\Accounts\Accounts.Tests\Accounts.Tests.csproj", "{E591E208-95DF-4E56-A946-9611DCB4FC82}"
EndProject
Project("{FAE04EC0-301F-11D3-BF4B-00C04F79EFBC}") = "FinanceControlinator.Tests", "Common\FinanceControlinator.Tests\FinanceControlinator.Tests.csproj", "{366A474D-4B62-4399-A8B5-8709E204F2B5}"
EndProject
Global
	GlobalSection(SolutionConfigurationPlatforms) = preSolution
		Debug|Any CPU = Debug|Any CPU
		Release|Any CPU = Release|Any CPU
	EndGlobalSection
	GlobalSection(ProjectConfigurationPlatforms) = postSolution
		{37637A2D-EB1E-475C-BA3B-1BCD727B5D4C}.Debug|Any CPU.ActiveCfg = Debug|Any CPU
		{37637A2D-EB1E-475C-BA3B-1BCD727B5D4C}.Debug|Any CPU.Build.0 = Debug|Any CPU
		{37637A2D-EB1E-475C-BA3B-1BCD727B5D4C}.Release|Any CPU.ActiveCfg = Release|Any CPU
		{37637A2D-EB1E-475C-BA3B-1BCD727B5D4C}.Release|Any CPU.Build.0 = Release|Any CPU
		{B3B14E01-F450-49BF-9BFD-52818E0CBD10}.Debug|Any CPU.ActiveCfg = Debug|Any CPU
		{B3B14E01-F450-49BF-9BFD-52818E0CBD10}.Debug|Any CPU.Build.0 = Debug|Any CPU
		{B3B14E01-F450-49BF-9BFD-52818E0CBD10}.Release|Any CPU.ActiveCfg = Release|Any CPU
		{B3B14E01-F450-49BF-9BFD-52818E0CBD10}.Release|Any CPU.Build.0 = Release|Any CPU
		{C1A97A73-0DD2-40F7-A8BC-1CB44D2F42B1}.Debug|Any CPU.ActiveCfg = Debug|Any CPU
		{C1A97A73-0DD2-40F7-A8BC-1CB44D2F42B1}.Debug|Any CPU.Build.0 = Debug|Any CPU
		{C1A97A73-0DD2-40F7-A8BC-1CB44D2F42B1}.Release|Any CPU.ActiveCfg = Release|Any CPU
		{C1A97A73-0DD2-40F7-A8BC-1CB44D2F42B1}.Release|Any CPU.Build.0 = Release|Any CPU
		{CE9EA3E1-C93A-4A01-81BF-7FB1CF0167F4}.Debug|Any CPU.ActiveCfg = Debug|Any CPU
		{CE9EA3E1-C93A-4A01-81BF-7FB1CF0167F4}.Debug|Any CPU.Build.0 = Debug|Any CPU
		{CE9EA3E1-C93A-4A01-81BF-7FB1CF0167F4}.Release|Any CPU.ActiveCfg = Release|Any CPU
		{CE9EA3E1-C93A-4A01-81BF-7FB1CF0167F4}.Release|Any CPU.Build.0 = Release|Any CPU
		{B841D3E5-68B2-48AA-96BF-18757ED1FBC2}.Debug|Any CPU.ActiveCfg = Debug|Any CPU
		{B841D3E5-68B2-48AA-96BF-18757ED1FBC2}.Debug|Any CPU.Build.0 = Debug|Any CPU
		{B841D3E5-68B2-48AA-96BF-18757ED1FBC2}.Release|Any CPU.ActiveCfg = Release|Any CPU
		{B841D3E5-68B2-48AA-96BF-18757ED1FBC2}.Release|Any CPU.Build.0 = Release|Any CPU
		{6B55A110-AA4C-41C8-8952-C89BFA7D83C0}.Debug|Any CPU.ActiveCfg = Debug|Any CPU
		{6B55A110-AA4C-41C8-8952-C89BFA7D83C0}.Debug|Any CPU.Build.0 = Debug|Any CPU
		{6B55A110-AA4C-41C8-8952-C89BFA7D83C0}.Release|Any CPU.ActiveCfg = Release|Any CPU
		{6B55A110-AA4C-41C8-8952-C89BFA7D83C0}.Release|Any CPU.Build.0 = Release|Any CPU
		{EE2297D4-3ECD-49F2-8C5B-FAB95E2FD450}.Debug|Any CPU.ActiveCfg = Debug|Any CPU
		{EE2297D4-3ECD-49F2-8C5B-FAB95E2FD450}.Debug|Any CPU.Build.0 = Debug|Any CPU
		{EE2297D4-3ECD-49F2-8C5B-FAB95E2FD450}.Release|Any CPU.ActiveCfg = Release|Any CPU
		{EE2297D4-3ECD-49F2-8C5B-FAB95E2FD450}.Release|Any CPU.Build.0 = Release|Any CPU
		{0A134AF6-804D-4F8D-85C7-6D7470E0E7C4}.Debug|Any CPU.ActiveCfg = Debug|Any CPU
		{0A134AF6-804D-4F8D-85C7-6D7470E0E7C4}.Debug|Any CPU.Build.0 = Debug|Any CPU
		{0A134AF6-804D-4F8D-85C7-6D7470E0E7C4}.Release|Any CPU.ActiveCfg = Release|Any CPU
		{0A134AF6-804D-4F8D-85C7-6D7470E0E7C4}.Release|Any CPU.Build.0 = Release|Any CPU
		{56363D1E-E4F8-413A-BDE4-B6919AE44816}.Debug|Any CPU.ActiveCfg = Debug|Any CPU
		{56363D1E-E4F8-413A-BDE4-B6919AE44816}.Debug|Any CPU.Build.0 = Debug|Any CPU
		{56363D1E-E4F8-413A-BDE4-B6919AE44816}.Release|Any CPU.ActiveCfg = Release|Any CPU
		{56363D1E-E4F8-413A-BDE4-B6919AE44816}.Release|Any CPU.Build.0 = Release|Any CPU
		{FA68DFAE-C5BC-4E33-AB57-837FCC1BFC8F}.Debug|Any CPU.ActiveCfg = Debug|Any CPU
		{FA68DFAE-C5BC-4E33-AB57-837FCC1BFC8F}.Debug|Any CPU.Build.0 = Debug|Any CPU
		{FA68DFAE-C5BC-4E33-AB57-837FCC1BFC8F}.Release|Any CPU.ActiveCfg = Release|Any CPU
		{FA68DFAE-C5BC-4E33-AB57-837FCC1BFC8F}.Release|Any CPU.Build.0 = Release|Any CPU
		{0951EADE-C139-4E76-BB88-E89C5DC92D1C}.Debug|Any CPU.ActiveCfg = Debug|Any CPU
		{0951EADE-C139-4E76-BB88-E89C5DC92D1C}.Debug|Any CPU.Build.0 = Debug|Any CPU
		{0951EADE-C139-4E76-BB88-E89C5DC92D1C}.Release|Any CPU.ActiveCfg = Release|Any CPU
		{0951EADE-C139-4E76-BB88-E89C5DC92D1C}.Release|Any CPU.Build.0 = Release|Any CPU
		{2ADF17FF-C088-438F-890D-6A9F66B6E3EF}.Debug|Any CPU.ActiveCfg = Debug|Any CPU
		{2ADF17FF-C088-438F-890D-6A9F66B6E3EF}.Debug|Any CPU.Build.0 = Debug|Any CPU
		{2ADF17FF-C088-438F-890D-6A9F66B6E3EF}.Release|Any CPU.ActiveCfg = Release|Any CPU
		{2ADF17FF-C088-438F-890D-6A9F66B6E3EF}.Release|Any CPU.Build.0 = Release|Any CPU
		{EA234322-BA1C-4A8D-B243-145D6D9BACB6}.Debug|Any CPU.ActiveCfg = Debug|Any CPU
		{EA234322-BA1C-4A8D-B243-145D6D9BACB6}.Debug|Any CPU.Build.0 = Debug|Any CPU
		{EA234322-BA1C-4A8D-B243-145D6D9BACB6}.Release|Any CPU.ActiveCfg = Release|Any CPU
		{EA234322-BA1C-4A8D-B243-145D6D9BACB6}.Release|Any CPU.Build.0 = Release|Any CPU
		{62BFD616-A7CE-4CF0-AB55-85F554D67329}.Debug|Any CPU.ActiveCfg = Debug|Any CPU
		{62BFD616-A7CE-4CF0-AB55-85F554D67329}.Debug|Any CPU.Build.0 = Debug|Any CPU
		{62BFD616-A7CE-4CF0-AB55-85F554D67329}.Release|Any CPU.ActiveCfg = Release|Any CPU
		{62BFD616-A7CE-4CF0-AB55-85F554D67329}.Release|Any CPU.Build.0 = Release|Any CPU
		{5C12F7ED-ABF5-4475-9797-0E4A7E954948}.Debug|Any CPU.ActiveCfg = Debug|Any CPU
		{5C12F7ED-ABF5-4475-9797-0E4A7E954948}.Debug|Any CPU.Build.0 = Debug|Any CPU
		{5C12F7ED-ABF5-4475-9797-0E4A7E954948}.Release|Any CPU.ActiveCfg = Release|Any CPU
		{5C12F7ED-ABF5-4475-9797-0E4A7E954948}.Release|Any CPU.Build.0 = Release|Any CPU
		{0438ED0C-CA3D-412D-AA67-B94925A0A8EB}.Debug|Any CPU.ActiveCfg = Debug|Any CPU
		{0438ED0C-CA3D-412D-AA67-B94925A0A8EB}.Debug|Any CPU.Build.0 = Debug|Any CPU
		{0438ED0C-CA3D-412D-AA67-B94925A0A8EB}.Release|Any CPU.ActiveCfg = Release|Any CPU
		{0438ED0C-CA3D-412D-AA67-B94925A0A8EB}.Release|Any CPU.Build.0 = Release|Any CPU
		{DA18D54A-E72B-431D-A40C-72128462FF84}.Debug|Any CPU.ActiveCfg = Debug|Any CPU
		{DA18D54A-E72B-431D-A40C-72128462FF84}.Debug|Any CPU.Build.0 = Debug|Any CPU
		{DA18D54A-E72B-431D-A40C-72128462FF84}.Release|Any CPU.ActiveCfg = Release|Any CPU
		{DA18D54A-E72B-431D-A40C-72128462FF84}.Release|Any CPU.Build.0 = Release|Any CPU
		{7BF4344D-1FB2-47AB-8FE4-B9BE61DE9501}.Debug|Any CPU.ActiveCfg = Debug|Any CPU
		{7BF4344D-1FB2-47AB-8FE4-B9BE61DE9501}.Debug|Any CPU.Build.0 = Debug|Any CPU
		{7BF4344D-1FB2-47AB-8FE4-B9BE61DE9501}.Release|Any CPU.ActiveCfg = Release|Any CPU
		{7BF4344D-1FB2-47AB-8FE4-B9BE61DE9501}.Release|Any CPU.Build.0 = Release|Any CPU
		{82D161C9-3266-428C-8C1D-BBA2F4FE93F3}.Debug|Any CPU.ActiveCfg = Debug|Any CPU
		{82D161C9-3266-428C-8C1D-BBA2F4FE93F3}.Debug|Any CPU.Build.0 = Debug|Any CPU
		{82D161C9-3266-428C-8C1D-BBA2F4FE93F3}.Release|Any CPU.ActiveCfg = Release|Any CPU
		{82D161C9-3266-428C-8C1D-BBA2F4FE93F3}.Release|Any CPU.Build.0 = Release|Any CPU
		{A1A47657-D646-4C83-9BF4-9204AED9A097}.Debug|Any CPU.ActiveCfg = Debug|Any CPU
		{A1A47657-D646-4C83-9BF4-9204AED9A097}.Debug|Any CPU.Build.0 = Debug|Any CPU
		{A1A47657-D646-4C83-9BF4-9204AED9A097}.Release|Any CPU.ActiveCfg = Release|Any CPU
		{A1A47657-D646-4C83-9BF4-9204AED9A097}.Release|Any CPU.Build.0 = Release|Any CPU
		{A7E6138D-432E-4577-908E-C30E4B224ACB}.Debug|Any CPU.ActiveCfg = Debug|Any CPU
		{A7E6138D-432E-4577-908E-C30E4B224ACB}.Debug|Any CPU.Build.0 = Debug|Any CPU
		{A7E6138D-432E-4577-908E-C30E4B224ACB}.Release|Any CPU.ActiveCfg = Release|Any CPU
		{A7E6138D-432E-4577-908E-C30E4B224ACB}.Release|Any CPU.Build.0 = Release|Any CPU
		{979C5CBF-A5DD-4BA8-8CD6-724F7A57FF73}.Debug|Any CPU.ActiveCfg = Debug|Any CPU
		{979C5CBF-A5DD-4BA8-8CD6-724F7A57FF73}.Debug|Any CPU.Build.0 = Debug|Any CPU
		{979C5CBF-A5DD-4BA8-8CD6-724F7A57FF73}.Release|Any CPU.ActiveCfg = Release|Any CPU
		{979C5CBF-A5DD-4BA8-8CD6-724F7A57FF73}.Release|Any CPU.Build.0 = Release|Any CPU
		{307CFE14-435E-40D7-ABE9-7C2EBF4BC8BF}.Debug|Any CPU.ActiveCfg = Debug|Any CPU
		{307CFE14-435E-40D7-ABE9-7C2EBF4BC8BF}.Debug|Any CPU.Build.0 = Debug|Any CPU
		{307CFE14-435E-40D7-ABE9-7C2EBF4BC8BF}.Release|Any CPU.ActiveCfg = Release|Any CPU
		{307CFE14-435E-40D7-ABE9-7C2EBF4BC8BF}.Release|Any CPU.Build.0 = Release|Any CPU
		{E993D1A2-7A5E-41BA-9D86-8183478C2538}.Debug|Any CPU.ActiveCfg = Debug|Any CPU
		{E993D1A2-7A5E-41BA-9D86-8183478C2538}.Debug|Any CPU.Build.0 = Debug|Any CPU
		{E993D1A2-7A5E-41BA-9D86-8183478C2538}.Release|Any CPU.ActiveCfg = Release|Any CPU
		{E993D1A2-7A5E-41BA-9D86-8183478C2538}.Release|Any CPU.Build.0 = Release|Any CPU
		{07A3CAF0-6F5A-467B-B5A9-A5799903DF84}.Debug|Any CPU.ActiveCfg = Debug|Any CPU
		{07A3CAF0-6F5A-467B-B5A9-A5799903DF84}.Debug|Any CPU.Build.0 = Debug|Any CPU
		{07A3CAF0-6F5A-467B-B5A9-A5799903DF84}.Release|Any CPU.ActiveCfg = Release|Any CPU
		{07A3CAF0-6F5A-467B-B5A9-A5799903DF84}.Release|Any CPU.Build.0 = Release|Any CPU
		{E054F74E-D965-4C98-9C96-CD08537073D9}.Debug|Any CPU.ActiveCfg = Debug|Any CPU
		{E054F74E-D965-4C98-9C96-CD08537073D9}.Debug|Any CPU.Build.0 = Debug|Any CPU
		{E054F74E-D965-4C98-9C96-CD08537073D9}.Release|Any CPU.ActiveCfg = Release|Any CPU
		{E054F74E-D965-4C98-9C96-CD08537073D9}.Release|Any CPU.Build.0 = Release|Any CPU
		{4B38D347-01A1-44A1-808D-2EF85B418C61}.Debug|Any CPU.ActiveCfg = Debug|Any CPU
		{4B38D347-01A1-44A1-808D-2EF85B418C61}.Debug|Any CPU.Build.0 = Debug|Any CPU
		{4B38D347-01A1-44A1-808D-2EF85B418C61}.Release|Any CPU.ActiveCfg = Release|Any CPU
		{4B38D347-01A1-44A1-808D-2EF85B418C61}.Release|Any CPU.Build.0 = Release|Any CPU
		{4494DDF2-752F-4B60-A359-B1BBC893727B}.Debug|Any CPU.ActiveCfg = Debug|Any CPU
		{4494DDF2-752F-4B60-A359-B1BBC893727B}.Debug|Any CPU.Build.0 = Debug|Any CPU
		{4494DDF2-752F-4B60-A359-B1BBC893727B}.Release|Any CPU.ActiveCfg = Release|Any CPU
		{4494DDF2-752F-4B60-A359-B1BBC893727B}.Release|Any CPU.Build.0 = Release|Any CPU
		{E591E208-95DF-4E56-A946-9611DCB4FC82}.Debug|Any CPU.ActiveCfg = Debug|Any CPU
		{E591E208-95DF-4E56-A946-9611DCB4FC82}.Debug|Any CPU.Build.0 = Debug|Any CPU
		{E591E208-95DF-4E56-A946-9611DCB4FC82}.Release|Any CPU.ActiveCfg = Release|Any CPU
		{E591E208-95DF-4E56-A946-9611DCB4FC82}.Release|Any CPU.Build.0 = Release|Any CPU
		{366A474D-4B62-4399-A8B5-8709E204F2B5}.Debug|Any CPU.ActiveCfg = Debug|Any CPU
		{366A474D-4B62-4399-A8B5-8709E204F2B5}.Debug|Any CPU.Build.0 = Debug|Any CPU
		{366A474D-4B62-4399-A8B5-8709E204F2B5}.Release|Any CPU.ActiveCfg = Release|Any CPU
		{366A474D-4B62-4399-A8B5-8709E204F2B5}.Release|Any CPU.Build.0 = Release|Any CPU
	EndGlobalSection
	GlobalSection(SolutionProperties) = preSolution
		HideSolutionNode = FALSE
	EndGlobalSection
	GlobalSection(NestedProjects) = preSolution
		{39BCC868-9A61-4AC1-B5B0-56F1636C5AE7} = {21961752-1C34-4E9C-B3A0-8FD12D4FC3C4}
		{37637A2D-EB1E-475C-BA3B-1BCD727B5D4C} = {39BCC868-9A61-4AC1-B5B0-56F1636C5AE7}
		{B3B14E01-F450-49BF-9BFD-52818E0CBD10} = {39BCC868-9A61-4AC1-B5B0-56F1636C5AE7}
		{C1A97A73-0DD2-40F7-A8BC-1CB44D2F42B1} = {39BCC868-9A61-4AC1-B5B0-56F1636C5AE7}
		{CE9EA3E1-C93A-4A01-81BF-7FB1CF0167F4} = {39BCC868-9A61-4AC1-B5B0-56F1636C5AE7}
		{B841D3E5-68B2-48AA-96BF-18757ED1FBC2} = {39BCC868-9A61-4AC1-B5B0-56F1636C5AE7}
		{6B55A110-AA4C-41C8-8952-C89BFA7D83C0} = {7900280F-9520-44D5-B441-98146CDBEBC9}
		{EE2297D4-3ECD-49F2-8C5B-FAB95E2FD450} = {7900280F-9520-44D5-B441-98146CDBEBC9}
		{0A134AF6-804D-4F8D-85C7-6D7470E0E7C4} = {39BCC868-9A61-4AC1-B5B0-56F1636C5AE7}
		{868CB8C3-A56C-4A63-945E-E0FBFBF82671} = {21961752-1C34-4E9C-B3A0-8FD12D4FC3C4}
		{56363D1E-E4F8-413A-BDE4-B6919AE44816} = {868CB8C3-A56C-4A63-945E-E0FBFBF82671}
		{FA68DFAE-C5BC-4E33-AB57-837FCC1BFC8F} = {868CB8C3-A56C-4A63-945E-E0FBFBF82671}
		{0951EADE-C139-4E76-BB88-E89C5DC92D1C} = {868CB8C3-A56C-4A63-945E-E0FBFBF82671}
		{2ADF17FF-C088-438F-890D-6A9F66B6E3EF} = {868CB8C3-A56C-4A63-945E-E0FBFBF82671}
		{EA234322-BA1C-4A8D-B243-145D6D9BACB6} = {868CB8C3-A56C-4A63-945E-E0FBFBF82671}
		{62BFD616-A7CE-4CF0-AB55-85F554D67329} = {868CB8C3-A56C-4A63-945E-E0FBFBF82671}
		{5C12F7ED-ABF5-4475-9797-0E4A7E954948} = {868CB8C3-A56C-4A63-945E-E0FBFBF82671}
		{E81A2E9D-CFED-4DB5-B690-B516867CEF02} = {21961752-1C34-4E9C-B3A0-8FD12D4FC3C4}
		{0438ED0C-CA3D-412D-AA67-B94925A0A8EB} = {E81A2E9D-CFED-4DB5-B690-B516867CEF02}
		{DA18D54A-E72B-431D-A40C-72128462FF84} = {E81A2E9D-CFED-4DB5-B690-B516867CEF02}
		{7BF4344D-1FB2-47AB-8FE4-B9BE61DE9501} = {E81A2E9D-CFED-4DB5-B690-B516867CEF02}
		{82D161C9-3266-428C-8C1D-BBA2F4FE93F3} = {E81A2E9D-CFED-4DB5-B690-B516867CEF02}
		{A1A47657-D646-4C83-9BF4-9204AED9A097} = {E81A2E9D-CFED-4DB5-B690-B516867CEF02}
		{A7E6138D-432E-4577-908E-C30E4B224ACB} = {E81A2E9D-CFED-4DB5-B690-B516867CEF02}
		{979C5CBF-A5DD-4BA8-8CD6-724F7A57FF73} = {E81A2E9D-CFED-4DB5-B690-B516867CEF02}
		{7E3AEDE1-2DF1-42C6-8DB3-BD85F8C85F20} = {21961752-1C34-4E9C-B3A0-8FD12D4FC3C4}
		{307CFE14-435E-40D7-ABE9-7C2EBF4BC8BF} = {7E3AEDE1-2DF1-42C6-8DB3-BD85F8C85F20}
		{E993D1A2-7A5E-41BA-9D86-8183478C2538} = {7E3AEDE1-2DF1-42C6-8DB3-BD85F8C85F20}
		{07A3CAF0-6F5A-467B-B5A9-A5799903DF84} = {7E3AEDE1-2DF1-42C6-8DB3-BD85F8C85F20}
		{E054F74E-D965-4C98-9C96-CD08537073D9} = {7E3AEDE1-2DF1-42C6-8DB3-BD85F8C85F20}
		{4B38D347-01A1-44A1-808D-2EF85B418C61} = {7E3AEDE1-2DF1-42C6-8DB3-BD85F8C85F20}
		{4494DDF2-752F-4B60-A359-B1BBC893727B} = {7E3AEDE1-2DF1-42C6-8DB3-BD85F8C85F20}
		{E591E208-95DF-4E56-A946-9611DCB4FC82} = {7E3AEDE1-2DF1-42C6-8DB3-BD85F8C85F20}
		{366A474D-4B62-4399-A8B5-8709E204F2B5} = {7900280F-9520-44D5-B441-98146CDBEBC9}
	EndGlobalSection
	GlobalSection(ExtensibilityGlobals) = postSolution
		SolutionGuid = {AB162E36-E524-4A3F-AD2D-FE4E554E814C}
	EndGlobalSection
EndGlobal
